{
  "name": "js-lifecycle-scripts",
  "version": "1.0.0",
  "lockfileVersion": 3,
  "requires": true,
  "packages": {
    "": {
      "name": "js-lifecycle-scripts",
      "version": "1.0.0",
      "license": "ISC",
      "dependencies": {
        "js-lifecycle-scripts": "github:chmeliik/js-lifecycle-scripts#npm"
      }
    },
    "node_modules/fecha": {
      "version": "4.2.3",
      "resolved": "https://registry.npmjs.org/fecha/-/fecha-4.2.3.tgz",
      "integrity": "sha512-OP2IUU6HeYKJi3i0z4A19kHMQoLVs4Hc+DPqqxI2h/DPZHTm/vjsfC6P0b4jCMy14XizLBqvndQ+UilD7707Jw=="
    },
    "node_modules/js-lifecycle-scripts": {
      "version": "1.0.0",
      "resolved": "git+ssh://git@github.com/chmeliik/js-lifecycle-scripts.git#11600508d635d730b92f5afb30c303d7728d7ed6",
      "hasInstallScript": true,
      "license": "ISC",
      "workspaces": [
        "my-workspace"
      ],
      "dependencies": {
        "fecha": "4.2.3"
      }
    }
  }
}
