lockfileVersion: '6.0'

settings:
  autoInstallPeers: true
  excludeLinksFromLockfile: false

importers:

  .:
    dependencies:
      fecha:
        specifier: 4.2.3
        version: 4.2.3

  my-workspace:
    dependencies:
      fecha:
        specifier: 4.2.3
        version: 4.2.3

packages:

  /fecha@4.2.3:
    resolution: {integrity: sha512-OP2IUU6HeYKJi3i0z4A19kHMQoLVs4Hc+DPqqxI2h/DPZHTm/vjsfC6P0b4jCMy14XizLBqvndQ+UilD7707Jw==}
    dev: false
