# This file is generated by running "yarn install" inside your project.
# Manual changes might be lost - proceed with caution!

__metadata:
  version: 6
  cacheKey: 8

"fecha@npm:4.2.3":
  version: 4.2.3
  resolution: "fecha@npm:4.2.3"
  checksum: f94e2fb3acf5a7754165d04549460d3ae6c34830394d20c552197e3e000035d69732d74af04b9bed3283bf29fe2a9ebdcc0085e640b0be3cc3658b9726265e31
  languageName: node
  linkType: hard

"js-lifecycle-scripts@workspace:.":
  version: 0.0.0-use.local
  resolution: "js-lifecycle-scripts@workspace:."
  dependencies:
    fecha: 4.2.3
  languageName: unknown
  linkType: soft
